
Microsoft Visual Studio Solution File, Format Version 12.00
# Visual Studio Version 16
VisualStudioVersion = 16.0.32228.343
MinimumVisualStudioVersion = 10.0.40219.1
Project("{FAE04EC0-301F-11D3-BF4B-00C04F79EFBC}") = "GameDiCanh", "GameDiCanh.csproj", "{26EDE6B9-9314-4DA8-AA9D-8C699CC8ADFB}"
EndProject
Global
	GlobalSection(SolutionConfigurationPlatforms) = preSolution
		Debug|Any CPU = Debug|Any CPU
		Release|Any CPU = Release|Any CPU
	EndGlobalSection
	GlobalSection(ProjectConfigurationPlatforms) = postSolution
		{26EDE6B9-9314-4DA8-AA9D-8C699CC8ADFB}.Debug|Any CPU.ActiveCfg = Debug|Any CPU
		{26EDE6B9-9314-4DA8-AA9D-8C699CC8ADFB}.Debug|Any CPU.Build.0 = Debug|Any CPU
		{26EDE6B9-9314-4DA8-AA9D-8C699CC8ADFB}.Release|Any CPU.ActiveCfg = Release|Any CPU
		{26EDE6B9-9314-4DA8-AA9D-8C699CC8ADFB}.Release|Any CPU.Build.0 = Release|Any CPU
	EndGlobalSection
	GlobalSection(SolutionProperties) = preSolution
		HideSolutionNode = FALSE
	EndGlobalSection
	GlobalSection(ExtensibilityGlobals) = postSolution
		SolutionGuid = {C034F45A-B014-4132-BED9-1DA60FD23B6D}
	EndGlobalSection
EndGlobal
